
Microsoft Visual Studio Solution File, Format Version 12.00
# Visual Studio Version 17
VisualStudioVersion = 17.10.35122.118
MinimumVisualStudioVersion = 10.0.40219.1
Project("{FAE04EC0-301F-11D3-BF4B-00C04F79EFBC}") = "AssessmentApi", "AssessmentApi\AssessmentApi.csproj", "{B7BAA0F9-BC2D-475D-ADB1-35FD48F9BA89}"
EndProject
Global
	GlobalSection(SolutionConfigurationPlatforms) = preSolution
		Debug|Any CPU = Debug|Any CPU
		Release|Any CPU = Release|Any CPU
	EndGlobalSection
	GlobalSection(ProjectConfigurationPlatforms) = postSolution
		{B7BAA0F9-BC2D-475D-ADB1-35FD48F9BA89}.Debug|Any CPU.ActiveCfg = Debug|Any CPU
		{B7BAA0F9-BC2D-475D-ADB1-35FD48F9BA89}.Debug|Any CPU.Build.0 = Debug|Any CPU
		{B7BAA0F9-BC2D-475D-ADB1-35FD48F9BA89}.Release|Any CPU.ActiveCfg = Release|Any CPU
		{B7BAA0F9-BC2D-475D-ADB1-35FD48F9BA89}.Release|Any CPU.Build.0 = Release|Any CPU
	EndGlobalSection
	GlobalSection(SolutionProperties) = preSolution
		HideSolutionNode = FALSE
	EndGlobalSection
	GlobalSection(ExtensibilityGlobals) = postSolution
		SolutionGuid = {8EF9B753-A221-4983-A316-8F31742D69B6}
	EndGlobalSection
EndGlobal
